PODS:
  - android_intent (0.0.1):
    - Flutter
  - Bolts (1.9.0):
    - Bolts/AppLinks (= 1.9.0)
    - Bolts/Tasks (= 1.9.0)
  - Bolts/AppLinks (1.9.0):
    - Bolts/Tasks
  - Bolts/Tasks (1.9.0)
  - Branch (0.27.0):
    - Branch/Core (= 0.27.0)
  - Branch/Core (0.27.0)
  - device_info (0.0.1):
    - Flutter
  - FBSDKCoreKit (4.39.1):
    - Bolts (~> 1.9)
  - FBSDKLoginKit (4.39.1):
    - FBSDKCoreKit
  - Firebase/Analytics (6.0.0):
    - Firebase/Core
  - Firebase/Core (6.0.0):
    - Firebase/CoreOnly
    - FirebaseAnalytics (= 6.0.0)
  - Firebase/CoreOnly (6.0.0):
    - FirebaseCore (= 6.0.0)
  - Firebase/Messaging (6.0.0):
    - Firebase/CoreOnly
    - FirebaseMessaging (~> 4.0.0)
  - firebase_analytics (0.0.1):
    - Firebase/Analytics (~> 6.0)
    - Firebase/Core
    - Flutter
  - firebase_core (0.0.1):
    - Firebase/Core
    - Flutter
  - FirebaseAnalytics (6.0.0):
    - FirebaseCore (~> 6.0)
    - FirebaseInstanceID (~> 4.0)
    - GoogleAppMeasurement (= 6.0.0)
    - GoogleUtilities/AppDelegateSwizzler (~> 6.0)
    - GoogleUtilities/MethodSwizzler (~> 6.0)
    - GoogleUtilities/Network (~> 6.0)
    - "GoogleUtilities/NSData+zlib (~> 6.0)"
    - nanopb (~> 0.3)
  - FirebaseAnalyticsInterop (1.2.0)
  - FirebaseCore (6.0.0):
    - GoogleUtilities/Environment (~> 6.0)
    - GoogleUtilities/Logger (~> 6.0)
  - FirebaseInstanceID (4.0.0):
    - FirebaseCore (~> 6.0)
    - GoogleUtilities/Environment (~> 6.0)
    - GoogleUtilities/UserDefaults (~> 6.0)
  - FirebaseMessaging (4.0.0):
    - FirebaseAnalyticsInterop (~> 1.1)
    - FirebaseCore (~> 6.0)
    - FirebaseInstanceID (~> 4.0)
    - GoogleUtilities/AppDelegateSwizzler (~> 6.0)
    - GoogleUtilities/Environment (~> 6.0)
    - GoogleUtilities/Reachability (~> 6.0)
    - GoogleUtilities/UserDefaults (~> 6.0)
    - Protobuf (~> 3.1)
  - Flutter (1.0.0)
  - flutter_downloader (0.0.1):
    - Flutter
  - flutter_facebook_login (0.0.1):
    - FBSDKCoreKit (= 4.39.1)
    - FBSDKLoginKit (= 4.39.1)
    - Flutter
  - flutter_webview_plugin (0.0.1):
    - Flutter
  - FMDB (2.7.5):
    - FMDB/standard (= 2.7.5)
  - FMDB/standard (2.7.5)
  - google_sign_in (0.0.1):
    - Flutter
    - GoogleSignIn (~> 4.0)
  - GoogleAppMeasurement (6.0.0):
    - GoogleUtilities/AppDelegateSwizzler (~> 6.0)
    - GoogleUtilities/MethodSwizzler (~> 6.0)
    - GoogleUtilities/Network (~> 6.0)
    - "GoogleUtilities/NSData+zlib (~> 6.0)"
    - nanopb (~> 0.3)
  - GoogleSignIn (4.4.0):
    - "GoogleToolboxForMac/NSDictionary+URLArguments (~> 2.1)"
    - "GoogleToolboxForMac/NSString+URLArguments (~> 2.1)"
    - GTMSessionFetcher/Core (~> 1.1)
  - GoogleToolboxForMac/DebugUtils (2.2.1):
    - GoogleToolboxForMac/Defines (= 2.2.1)
  - GoogleToolboxForMac/Defines (2.2.1)
  - "GoogleToolboxForMac/NSDictionary+URLArguments (2.2.1)":
    - GoogleToolboxForMac/DebugUtils (= 2.2.1)
    - GoogleToolboxForMac/Defines (= 2.2.1)
    - "GoogleToolboxForMac/NSString+URLArguments (= 2.2.1)"
  - "GoogleToolboxForMac/NSString+URLArguments (2.2.1)"
  - GoogleUtilities/AppDelegateSwizzler (6.1.0):
    - GoogleUtilities/Environment
    - GoogleUtilities/Logger
    - GoogleUtilities/Network
  - GoogleUtilities/Environment (6.1.0)
  - GoogleUtilities/Logger (6.1.0):
    - GoogleUtilities/Environment
  - GoogleUtilities/MethodSwizzler (6.1.0):
    - GoogleUtilities/Logger
  - GoogleUtilities/Network (6.1.0):
    - GoogleUtilities/Logger
    - "GoogleUtilities/NSData+zlib"
    - GoogleUtilities/Reachability
  - "GoogleUtilities/NSData+zlib (6.1.0)"
  - GoogleUtilities/Reachability (6.1.0):
    - GoogleUtilities/Logger
  - GoogleUtilities/UserDefaults (6.1.0):
    - GoogleUtilities/Logger
  - GTMSessionFetcher/Core (1.2.2)
  - image_picker (0.0.1):
    - Flutter
  - location_permissions (2.0.2):
    - Flutter
  - nanopb (0.3.901):
    - nanopb/decode (= 0.3.901)
    - nanopb/encode (= 0.3.901)
  - nanopb/decode (0.3.901)
  - nanopb/encode (0.3.901)
  - package_info (0.0.1):
    - Flutter
  - path_provider (0.0.1):
    - Flutter
  - permission (0.0.1):
    - Flutter
  - Protobuf (3.7.0)
  - razorpay-pod (1.1.2)
  - shared_preferences (0.0.1):
    - Flutter
  - sqflite (0.0.1):
    - Flutter
    - FMDB (~> 2.7.2)
  - WebEngage (4.6.0):
    - WebEngage/Xcode10 (= 4.6.0)
  - WebEngage/Xcode10 (4.6.0)
  - webview_flutter (0.0.1):
    - Flutter

DEPENDENCIES:
  - android_intent (from `.symlinks/plugins/android_intent/ios`)
  - Branch
  - device_info (from `.symlinks/plugins/device_info/ios`)
  - Firebase/Core
  - Firebase/Messaging
  - firebase_analytics (from `.symlinks/plugins/firebase_analytics/ios`)
  - firebase_core (from `.symlinks/plugins/firebase_core/ios`)
  - Flutter (from `.symlinks/flutter/ios`)
  - flutter_downloader (from `.symlinks/plugins/flutter_downloader/ios`)
  - flutter_facebook_login (from `.symlinks/plugins/flutter_facebook_login/ios`)
  - flutter_webview_plugin (from `.symlinks/plugins/flutter_webview_plugin/ios`)
  - google_sign_in (from `.symlinks/plugins/google_sign_in/ios`)
  - image_picker (from `.symlinks/plugins/image_picker/ios`)
  - location_permissions (from `.symlinks/plugins/location_permissions/ios`)
  - package_info (from `.symlinks/plugins/package_info/ios`)
  - path_provider (from `.symlinks/plugins/path_provider/ios`)
  - permission (from `.symlinks/plugins/permission/ios`)
  - razorpay-pod (= 1.1.2)
  - shared_preferences (from `.symlinks/plugins/shared_preferences/ios`)
  - sqflite (from `.symlinks/plugins/sqflite/ios`)
  - WebEngage
  - webview_flutter (from `.symlinks/plugins/webview_flutter/ios`)

SPEC REPOS:
  https://github.com/cocoapods/specs.git:
    - Bolts
    - Branch
    - FBSDKCoreKit
    - FBSDKLoginKit
    - Firebase
    - FirebaseAnalytics
    - FirebaseAnalyticsInterop
    - FirebaseCore
    - FirebaseInstanceID
    - FirebaseMessaging
    - FMDB
    - GoogleAppMeasurement
    - GoogleSignIn
    - GoogleToolboxForMac
    - GoogleUtilities
    - GTMSessionFetcher
    - nanopb
    - Protobuf
    - razorpay-pod
    - WebEngage

EXTERNAL SOURCES:
  android_intent:
    :path: ".symlinks/plugins/android_intent/ios"
  device_info:
    :path: ".symlinks/plugins/device_info/ios"
  firebase_analytics:
    :path: ".symlinks/plugins/firebase_analytics/ios"
  firebase_core:
    :path: ".symlinks/plugins/firebase_core/ios"
  Flutter:
    :path: ".symlinks/flutter/ios"
  flutter_downloader:
    :path: ".symlinks/plugins/flutter_downloader/ios"
  flutter_facebook_login:
    :path: ".symlinks/plugins/flutter_facebook_login/ios"
  flutter_webview_plugin:
    :path: ".symlinks/plugins/flutter_webview_plugin/ios"
  google_sign_in:
    :path: ".symlinks/plugins/google_sign_in/ios"
  image_picker:
    :path: ".symlinks/plugins/image_picker/ios"
  location_permissions:
    :path: ".symlinks/plugins/location_permissions/ios"
  package_info:
    :path: ".symlinks/plugins/package_info/ios"
  path_provider:
    :path: ".symlinks/plugins/path_provider/ios"
  permission:
    :path: ".symlinks/plugins/permission/ios"
  shared_preferences:
    :path: ".symlinks/plugins/shared_preferences/ios"
  sqflite:
    :path: ".symlinks/plugins/sqflite/ios"
  webview_flutter:
    :path: ".symlinks/plugins/webview_flutter/ios"

SPEC CHECKSUMS:
  android_intent: 73316069cd1f6aac919df1c6e640cad190fd5e8b
  Bolts: ac6567323eac61e203f6a9763667d0f711be34c8
  Branch: e4f2a9c361ebdc960c823d16014c187bf19b508c
  device_info: 3ebad48f726348f69abd802f3334a8d1ed795fbd
  FBSDKCoreKit: f442aa96179cc9b382bb4abeb7e340a47cca8f91
  FBSDKLoginKit: c3079d9a4db27c492287b1eed7a4272b28cf8a59
  Firebase: fa80b9d987ca014a1ba9357496ef2a0178b28b12
  firebase_analytics: b0d7c086f5a50042153fd0441dafef51bde36cd0
  firebase_core: 44f31f51532812598f0f9f4af0caa705b9edfc19
  FirebaseAnalytics: 1743c5f4de3687d0745709dfdc4b1dea1484f44c
  FirebaseAnalyticsInterop: efbe45c8385ec626e29f9525e5ebd38520dfb6c1
  FirebaseCore: e38f025287b413255a53acc1945d048a112047f7
  FirebaseInstanceID: 0e0348a3c00a734fa376a070f5ad4533ad975cb5
  FirebaseMessaging: c796d50864dc822a3c06c9c1c1444b37732b795b
  Flutter: 58dd7d1b27887414a370fcccb9e645c08ffd7a6a
  flutter_downloader: 058b9c41564a90500f67f3e432e3524613a7fd83
  flutter_facebook_login: be61e24a4b7d621515353c6b4583d1981bdaa3d6
  flutter_webview_plugin: ed9e8a6a96baf0c867e90e1bce2673913eeac694
  FMDB: 2ce00b547f966261cd18927a3ddb07cb6f3db82a
  google_sign_in: 27e70a98b529f0b076d4b19f231b81da28b1750b
  GoogleAppMeasurement: 7f028ea162b72c8f326daec74afc95d94f7a47d6
  GoogleSignIn: 7ff245e1a7b26d379099d3243a562f5747e23d39
  GoogleToolboxForMac: b3553629623a3b1bff17f555e736cd5a6d95ad55
  GoogleUtilities: 84df567c76ca84f67b7bb40e769fdd4acc746a10
  GTMSessionFetcher: 61bb0f61a4cb560030f1222021178008a5727a23
  image_picker: 16e5fec1fbc87fd3b297c53e4048521eaf17cd06
  location_permissions: 67cfaff583afbb027a9f9248196f4b79c40f3cdc
  nanopb: 2901f78ea1b7b4015c860c2fdd1ea2fee1a18d48
  package_info: 78cabb3c322943c55d39676f4a5bfc748c01d055
  path_provider: f96fff6166a8867510d2c25fdcc346327cc4b259
  permission: 51e2d3a8ef3490da0537667d7f1a6a1c5ba8ec47
  Protobuf: 7a877b7f3e5964e3fce995e2eb323dbc6831bb5a
  razorpay-pod: bd7b4bfedd59002e7c30d96dd71fe31e740f2bcf
  shared_preferences: 1feebfa37bb57264736e16865e7ffae7fc99b523
  sqflite: ff1d9da63c06588cc8d1faf7256d741f16989d5a
  WebEngage: 122738dc25a70f81fb811f8449ad26495cf13f4b
  webview_flutter: 1aa7604e6cdb451a9b7ed2c37d5454c0b440246b

PODFILE CHECKSUM: a3cdbe57900acfdcc1ec1f0e37b7ba00abfc31de

COCOAPODS: 1.6.1
