PODS:
  - android_intent (0.0.1):
    - Flutter
  - Branch (0.29.0):
    - Branch/Core (= 0.29.0)
  - Branch/Core (0.29.0)
  - cipher2 (0.0.1):
    - CryptoSwift (~> 0.13.1)
    - Flutter
  - CryptoSwift (0.13.1)
  - device_info (0.0.1):
    - Flutter
  - FBSDKCoreKit (5.6.0):
    - FBSDKCoreKit/Basics (= 5.6.0)
    - FBSDKCoreKit/Core (= 5.6.0)
  - FBSDKCoreKit/Basics (5.6.0)
  - FBSDKCoreKit/Core (5.6.0):
    - FBSDKCoreKit/Basics
  - FBSDKLoginKit (5.6.0):
    - FBSDKLoginKit/Login (= 5.6.0)
  - FBSDKLoginKit/Login (5.6.0):
    - FBSDKCoreKit (~> 5.0)
  - Firebase/Analytics (6.9.0):
    - Firebase/Core
  - Firebase/Core (6.9.0):
    - Firebase/CoreOnly
    - FirebaseAnalytics (= 6.1.2)
  - Firebase/CoreOnly (6.9.0):
    - FirebaseCore (= 6.3.0)
  - Firebase/Messaging (6.9.0):
    - Firebase/CoreOnly
    - FirebaseMessaging (~> 4.1.4)
  - firebase_analytics (0.0.1):
    - Firebase/Analytics (~> 6.0)
    - Firebase/Core
    - Flutter
  - firebase_core (0.0.1):
    - Firebase/Core
    - Flutter
  - FirebaseAnalytics (6.1.2):
    - FirebaseCore (~> 6.3)
    - FirebaseInstanceID (~> 4.2)
    - GoogleAppMeasurement (= 6.1.2)
    - GoogleUtilities/AppDelegateSwizzler (~> 6.0)
    - GoogleUtilities/MethodSwizzler (~> 6.0)
    - GoogleUtilities/Network (~> 6.0)
    - "GoogleUtilities/NSData+zlib (~> 6.0)"
    - nanopb (~> 0.3)
  - FirebaseAnalyticsInterop (1.4.0)
  - FirebaseCore (6.3.0):
    - FirebaseCoreDiagnostics (~> 1.0)
    - FirebaseCoreDiagnosticsInterop (~> 1.0)
    - GoogleUtilities/Environment (~> 6.2)
    - GoogleUtilities/Logger (~> 6.2)
  - FirebaseCoreDiagnostics (1.1.0):
    - FirebaseCoreDiagnosticsInterop (~> 1.0)
    - GoogleDataTransportCCTSupport (~> 1.0)
    - GoogleUtilities/Environment (~> 6.2)
    - GoogleUtilities/Logger (~> 6.2)
  - FirebaseCoreDiagnosticsInterop (1.0.0)
  - FirebaseInstanceID (4.2.5):
    - FirebaseCore (~> 6.0)
    - GoogleUtilities/Environment (~> 6.0)
    - GoogleUtilities/UserDefaults (~> 6.0)
  - FirebaseMessaging (4.1.5):
    - FirebaseAnalyticsInterop (~> 1.3)
    - FirebaseCore (~> 6.2)
    - FirebaseInstanceID (~> 4.1)
    - GoogleUtilities/AppDelegateSwizzler (~> 6.2)
    - GoogleUtilities/Environment (~> 6.2)
    - GoogleUtilities/Reachability (~> 6.2)
    - GoogleUtilities/UserDefaults (~> 6.2)
    - Protobuf (~> 3.1)
  - Flutter (1.0.0)
  - flutter_downloader (0.0.1):
    - Flutter
  - flutter_facebook_login (0.0.1):
    - FBSDKCoreKit (~> 5.5)
    - FBSDKLoginKit (~> 5.5)
    - Flutter
  - flutter_webview_plugin (0.0.1):
    - Flutter
  - FMDB (2.7.5):
    - FMDB/standard (= 2.7.5)
  - FMDB/standard (2.7.5)
  - google_sign_in (0.0.1):
    - Flutter
    - GoogleSignIn (~> 4.0)
  - GoogleAppMeasurement (6.1.2):
    - GoogleUtilities/AppDelegateSwizzler (~> 6.0)
    - GoogleUtilities/MethodSwizzler (~> 6.0)
    - GoogleUtilities/Network (~> 6.0)
    - "GoogleUtilities/NSData+zlib (~> 6.0)"
    - nanopb (~> 0.3)
  - GoogleDataTransport (2.0.0)
  - GoogleDataTransportCCTSupport (1.1.0):
    - GoogleDataTransport (~> 2.0)
    - nanopb
  - GoogleSignIn (4.4.0):
    - "GoogleToolboxForMac/NSDictionary+URLArguments (~> 2.1)"
    - "GoogleToolboxForMac/NSString+URLArguments (~> 2.1)"
    - GTMSessionFetcher/Core (~> 1.1)
  - GoogleToolboxForMac/DebugUtils (2.2.1):
    - GoogleToolboxForMac/Defines (= 2.2.1)
  - GoogleToolboxForMac/Defines (2.2.1)
  - "GoogleToolboxForMac/NSDictionary+URLArguments (2.2.1)":
    - GoogleToolboxForMac/DebugUtils (= 2.2.1)
    - GoogleToolboxForMac/Defines (= 2.2.1)
    - "GoogleToolboxForMac/NSString+URLArguments (= 2.2.1)"
  - "GoogleToolboxForMac/NSString+URLArguments (2.2.1)"
  - GoogleUtilities/AppDelegateSwizzler (6.3.0):
    - GoogleUtilities/Environment
    - GoogleUtilities/Logger
    - GoogleUtilities/Network
  - GoogleUtilities/Environment (6.3.0)
  - GoogleUtilities/Logger (6.3.0):
    - GoogleUtilities/Environment
  - GoogleUtilities/MethodSwizzler (6.3.0):
    - GoogleUtilities/Logger
  - GoogleUtilities/Network (6.3.0):
    - GoogleUtilities/Logger
    - "GoogleUtilities/NSData+zlib"
    - GoogleUtilities/Reachability
  - "GoogleUtilities/NSData+zlib (6.3.0)"
  - GoogleUtilities/Reachability (6.3.0):
    - GoogleUtilities/Logger
  - GoogleUtilities/UserDefaults (6.3.0):
    - GoogleUtilities/Logger
  - GTMSessionFetcher/Core (1.2.2)
  - image_picker (0.0.1):
    - Flutter
  - location_permissions (2.0.2):
    - Flutter
  - nanopb (0.3.901):
    - nanopb/decode (= 0.3.901)
    - nanopb/encode (= 0.3.901)
  - nanopb/decode (0.3.901)
  - nanopb/encode (0.3.901)
  - package_info (0.0.1):
    - Flutter
  - path_provider (0.0.1):
    - Flutter
  - permission (0.0.1):
    - Flutter
  - Protobuf (3.9.2)
  - razorpay-pod (1.1.2)
  - shared_preferences (0.0.1):
    - Flutter
  - sqflite (0.0.1):
    - Flutter
    - FMDB (~> 2.7.2)
  - WebEngage (4.9.7):
    - WebEngage/Xcode10 (= 4.9.7)
  - WebEngage/Xcode10 (4.9.7)
  - webview_flutter (0.0.1):
    - Flutter

DEPENDENCIES:
  - android_intent (from `.symlinks/plugins/android_intent/ios`)
  - Branch
  - cipher2 (from `.symlinks/plugins/cipher2/ios`)
  - device_info (from `.symlinks/plugins/device_info/ios`)
  - Firebase/Core
  - Firebase/Messaging
  - firebase_analytics (from `.symlinks/plugins/firebase_analytics/ios`)
  - firebase_core (from `.symlinks/plugins/firebase_core/ios`)
  - Flutter (from `.symlinks/flutter/ios`)
  - flutter_downloader (from `.symlinks/plugins/flutter_downloader/ios`)
  - flutter_facebook_login (from `.symlinks/plugins/flutter_facebook_login/ios`)
  - flutter_webview_plugin (from `.symlinks/plugins/flutter_webview_plugin/ios`)
  - google_sign_in (from `.symlinks/plugins/google_sign_in/ios`)
  - image_picker (from `.symlinks/plugins/image_picker/ios`)
  - location_permissions (from `.symlinks/plugins/location_permissions/ios`)
  - package_info (from `.symlinks/plugins/package_info/ios`)
  - path_provider (from `.symlinks/plugins/path_provider/ios`)
  - permission (from `.symlinks/plugins/permission/ios`)
  - razorpay-pod (from `https://github.com/razorpay/razorpay-pod.git`, branch `swift5.1`)
  - shared_preferences (from `.symlinks/plugins/shared_preferences/ios`)
  - sqflite (from `.symlinks/plugins/sqflite/ios`)
  - WebEngage
  - webview_flutter (from `.symlinks/plugins/webview_flutter/ios`)

SPEC REPOS:
  https://github.com/cocoapods/specs.git:
    - Branch
    - CryptoSwift
    - FBSDKCoreKit
    - FBSDKLoginKit
    - Firebase
    - FirebaseAnalytics
    - FirebaseAnalyticsInterop
    - FirebaseCore
    - FirebaseCoreDiagnostics
    - FirebaseCoreDiagnosticsInterop
    - FirebaseInstanceID
    - FirebaseMessaging
    - FMDB
    - GoogleAppMeasurement
    - GoogleDataTransport
    - GoogleDataTransportCCTSupport
    - GoogleSignIn
    - GoogleToolboxForMac
    - GoogleUtilities
    - GTMSessionFetcher
    - nanopb
    - Protobuf
    - WebEngage

EXTERNAL SOURCES:
  android_intent:
    :path: ".symlinks/plugins/android_intent/ios"
  cipher2:
    :path: ".symlinks/plugins/cipher2/ios"
  device_info:
    :path: ".symlinks/plugins/device_info/ios"
  firebase_analytics:
    :path: ".symlinks/plugins/firebase_analytics/ios"
  firebase_core:
    :path: ".symlinks/plugins/firebase_core/ios"
  Flutter:
    :path: ".symlinks/flutter/ios"
  flutter_downloader:
    :path: ".symlinks/plugins/flutter_downloader/ios"
  flutter_facebook_login:
    :path: ".symlinks/plugins/flutter_facebook_login/ios"
  flutter_webview_plugin:
    :path: ".symlinks/plugins/flutter_webview_plugin/ios"
  google_sign_in:
    :path: ".symlinks/plugins/google_sign_in/ios"
  image_picker:
    :path: ".symlinks/plugins/image_picker/ios"
  location_permissions:
    :path: ".symlinks/plugins/location_permissions/ios"
  package_info:
    :path: ".symlinks/plugins/package_info/ios"
  path_provider:
    :path: ".symlinks/plugins/path_provider/ios"
  permission:
    :path: ".symlinks/plugins/permission/ios"
  razorpay-pod:
    :branch: swift5.1
    :git: https://github.com/razorpay/razorpay-pod.git
  shared_preferences:
    :path: ".symlinks/plugins/shared_preferences/ios"
  sqflite:
    :path: ".symlinks/plugins/sqflite/ios"
  webview_flutter:
    :path: ".symlinks/plugins/webview_flutter/ios"

CHECKOUT OPTIONS:
  razorpay-pod:
    :commit: 99fdf070a1b02385654d5da6fac2b80c3c732a57
    :git: https://github.com/razorpay/razorpay-pod.git

SPEC CHECKSUMS:
  android_intent: 73316069cd1f6aac919df1c6e640cad190fd5e8b
  Branch: 6e7421e1f3c0adebdf80008a40a74969b2603cf8
  cipher2: 215b8aa78b783cf5a17eb7b72fda55d025dbeefc
  CryptoSwift: ff68c35a53e03177d31aaa2c1e8b3e010aeed6cb
  device_info: 3ebad48f726348f69abd802f3334a8d1ed795fbd
  FBSDKCoreKit: d6655a343868d4bb5c29a60859bab07c3be14a0b
  FBSDKLoginKit: c5a623de88a6b0cda35b35582921f6cec2efcc36
  Firebase: 2d750c54cda57d5a6ae31212cfe5cc813c6be7e4
  firebase_analytics: b0d7c086f5a50042153fd0441dafef51bde36cd0
  firebase_core: 44f31f51532812598f0f9f4af0caa705b9edfc19
  FirebaseAnalytics: 5d9ccbf46ed25d3ec9304d263f85bddf1e93e2d2
  FirebaseAnalyticsInterop: d48b6ab67bcf016a05e55b71fc39c61c0cb6b7f3
  FirebaseCore: 8b2765c445d40db7137989b7146a3aa3f91b5529
  FirebaseCoreDiagnostics: be4f7a09d02ab305f18de59a470412caddb64c2a
  FirebaseCoreDiagnosticsInterop: 6829da2b8d1fc795ff1bd99df751d3788035d2cb
  FirebaseInstanceID: 550df9be1f99f751d8fcde3ac342a1e21a0e6c42
  FirebaseMessaging: b22b949cc45c14da01e60404dd7bffc78956380c
  Flutter: 58dd7d1b27887414a370fcccb9e645c08ffd7a6a
  flutter_downloader: 058b9c41564a90500f67f3e432e3524613a7fd83
  flutter_facebook_login: cfb5659f686b1c575ef205c6b6fd20db9679d3c4
  flutter_webview_plugin: ed9e8a6a96baf0c867e90e1bce2673913eeac694
  FMDB: 2ce00b547f966261cd18927a3ddb07cb6f3db82a
  google_sign_in: 27e70a98b529f0b076d4b19f231b81da28b1750b
  GoogleAppMeasurement: 0ae90be1cc4dad40f4a27fc767ef59fa032ec87b
  GoogleDataTransport: c8617c00e4f3eb9418e42ac0e8ac5241a9d555dd
  GoogleDataTransportCCTSupport: 9f352523e8785a71f6754f51eeff09f49ec19268
  GoogleSignIn: 7ff245e1a7b26d379099d3243a562f5747e23d39
  GoogleToolboxForMac: b3553629623a3b1bff17f555e736cd5a6d95ad55
  GoogleUtilities: 9c2c544202301110b29f7974a82e77fdcf12bf51
  GTMSessionFetcher: 61bb0f61a4cb560030f1222021178008a5727a23
  image_picker: 16e5fec1fbc87fd3b297c53e4048521eaf17cd06
  location_permissions: 67cfaff583afbb027a9f9248196f4b79c40f3cdc
  nanopb: 2901f78ea1b7b4015c860c2fdd1ea2fee1a18d48
  package_info: 78cabb3c322943c55d39676f4a5bfc748c01d055
  path_provider: f96fff6166a8867510d2c25fdcc346327cc4b259
  permission: 51e2d3a8ef3490da0537667d7f1a6a1c5ba8ec47
  Protobuf: 67fb42ba613def994e61854de2b3164f13790cc4
  razorpay-pod: bd7b4bfedd59002e7c30d96dd71fe31e740f2bcf
  shared_preferences: 1feebfa37bb57264736e16865e7ffae7fc99b523
  sqflite: ff1d9da63c06588cc8d1faf7256d741f16989d5a
  WebEngage: 2aec067ea2a8c15f5966581cca5bf766d44ef367
  webview_flutter: 1aa7604e6cdb451a9b7ed2c37d5454c0b440246b

PODFILE CHECKSUM: fef99f6e39ca905cbd258a91331eb8d7e3c14d17

COCOAPODS: 1.6.1
